Microsoft Visual Studio Solution File, Format Version 12.00
# Visual Studio Version 17
VisualStudioVersion = 17.5.2.0
MinimumVisualStudioVersion = 10.0.40219.1
Project("{FAE04EC0-301F-11D3-BF4B-00C04F79EFBC}") = "RoundShape", "RoundShape.csproj", "{52B5A08D-96BA-0D45-5150-240D2631BACF}"
EndProject
Global
	GlobalSection(SolutionConfigurationPlatforms) = preSolution
		Debug|Any CPU = Debug|Any CPU
		Release|Any CPU = Release|Any CPU
	EndGlobalSection
	GlobalSection(ProjectConfigurationPlatforms) = postSolution
		{52B5A08D-96BA-0D45-5150-240D2631BACF}.Debug|Any CPU.ActiveCfg = Debug|Any CPU
		{52B5A08D-96BA-0D45-5150-240D2631BACF}.Debug|Any CPU.Build.0 = Debug|Any CPU
		{52B5A08D-96BA-0D45-5150-240D2631BACF}.Release|Any CPU.ActiveCfg = Release|Any CPU
		{52B5A08D-96BA-0D45-5150-240D2631BACF}.Release|Any CPU.Build.0 = Release|Any CPU
	EndGlobalSection
	GlobalSection(SolutionProperties) = preSolution
		HideSolutionNode = FALSE
	EndGlobalSection
	GlobalSection(ExtensibilityGlobals) = postSolution
		SolutionGuid = {B8C4EF92-1C6B-4645-8FC5-DE85E83D26E2}
	EndGlobalSection
EndGlobal
